
Microsoft Visual Studio Solution File, Format Version 12.00
# Visual Studio Version 17
VisualStudioVersion = 17.6.33829.357
MinimumVisualStudioVersion = 10.0.40219.1
Project("{FAE04EC0-301F-11D3-BF4B-00C04F79EFBC}") = "Nail_Salon_MVVM", "Nail_Salon_MVVM\Nail_Salon_MVVM.csproj", "{7DB50C7E-318B-4A0A-BB37-D58B890B451E}"
EndProject
Project("{9A19103F-16F7-4668-BE54-9A1E7A4F7556}") = "DataAccess", "DataAccess\DataAccess.csproj", "{A804AC67-8BDF-48A5-A136-4DA9BB6E04D2}"
EndProject
Project("{9A19103F-16F7-4668-BE54-9A1E7A4F7556}") = "Business_Logic", "Business_Logic\Business_Logic.csproj", "{D295EA82-7F40-4F2D-A7B3-B775141E2B88}"
EndProject
Global
	GlobalSection(SolutionConfigurationPlatforms) = preSolution
		Debug|Any CPU = Debug|Any CPU
		Release|Any CPU = Release|Any CPU
	EndGlobalSection
	GlobalSection(ProjectConfigurationPlatforms) = postSolution
		{7DB50C7E-318B-4A0A-BB37-D58B890B451E}.Debug|Any CPU.ActiveCfg = Debug|Any CPU
		{7DB50C7E-318B-4A0A-BB37-D58B890B451E}.Debug|Any CPU.Build.0 = Debug|Any CPU
		{7DB50C7E-318B-4A0A-BB37-D58B890B451E}.Release|Any CPU.ActiveCfg = Release|Any CPU
		{7DB50C7E-318B-4A0A-BB37-D58B890B451E}.Release|Any CPU.Build.0 = Release|Any CPU
		{A804AC67-8BDF-48A5-A136-4DA9BB6E04D2}.Debug|Any CPU.ActiveCfg = Debug|Any CPU
		{A804AC67-8BDF-48A5-A136-4DA9BB6E04D2}.Debug|Any CPU.Build.0 = Debug|Any CPU
		{A804AC67-8BDF-48A5-A136-4DA9BB6E04D2}.Release|Any CPU.ActiveCfg = Release|Any CPU
		{A804AC67-8BDF-48A5-A136-4DA9BB6E04D2}.Release|Any CPU.Build.0 = Release|Any CPU
		{D295EA82-7F40-4F2D-A7B3-B775141E2B88}.Debug|Any CPU.ActiveCfg = Debug|Any CPU
		{D295EA82-7F40-4F2D-A7B3-B775141E2B88}.Debug|Any CPU.Build.0 = Debug|Any CPU
		{D295EA82-7F40-4F2D-A7B3-B775141E2B88}.Release|Any CPU.ActiveCfg = Release|Any CPU
		{D295EA82-7F40-4F2D-A7B3-B775141E2B88}.Release|Any CPU.Build.0 = Release|Any CPU
	EndGlobalSection
	GlobalSection(SolutionProperties) = preSolution
		HideSolutionNode = FALSE
	EndGlobalSection
	GlobalSection(ExtensibilityGlobals) = postSolution
		SolutionGuid = {D9874965-3903-4CF5-A126-A3EF5D09398E}
	EndGlobalSection
EndGlobal
